Microsoft Visual Studio Solution File, Format Version 12.00
# Visual Studio Version 17
VisualStudioVersion = 17.5.2.0
MinimumVisualStudioVersion = 10.0.40219.1
Project("{FAE04EC0-301F-11D3-BF4B-00C04F79EFBC}") = "SmartExpenseTrackerGUI", "SmartExpenseTrackerGUI.csproj", "{09481A0B-D6F9-23AC-CB9A-4F439E54B088}"
EndProject
Global
	GlobalSection(SolutionConfigurationPlatforms) = preSolution
		Debug|Any CPU = Debug|Any CPU
		Release|Any CPU = Release|Any CPU
	EndGlobalSection
	GlobalSection(ProjectConfigurationPlatforms) = postSolution
		{09481A0B-D6F9-23AC-CB9A-4F439E54B088}.Debug|Any CPU.ActiveCfg = Debug|Any CPU
		{09481A0B-D6F9-23AC-CB9A-4F439E54B088}.Debug|Any CPU.Build.0 = Debug|Any CPU
		{09481A0B-D6F9-23AC-CB9A-4F439E54B088}.Release|Any CPU.ActiveCfg = Release|Any CPU
		{09481A0B-D6F9-23AC-CB9A-4F439E54B088}.Release|Any CPU.Build.0 = Release|Any CPU
	EndGlobalSection
	GlobalSection(SolutionProperties) = preSolution
		HideSolutionNode = FALSE
	EndGlobalSection
	GlobalSection(ExtensibilityGlobals) = postSolution
		SolutionGuid = {BD8A6E0B-C710-4BDC-BD4C-146B6884A920}
	EndGlobalSection
EndGlobal
